
Microsoft Visual Studio Solution File, Format Version 12.00
# Visual Studio Version 16
VisualStudioVersion = 25.0.1706.8
MinimumVisualStudioVersion = 10.0.40219.1
Project("{FAE04EC0-301F-11D3-BF4B-00C04F79EFBC}") = "EjercicioEnClase1_Progra1", "EjercicioEnClase1_Progra1\EjercicioEnClase1_Progra1.csproj", "{D3DAD3A1-577D-43D7-A8DC-094451E403C1}"
EndProject
Global
	GlobalSection(SolutionConfigurationPlatforms) = preSolution
		Debug|Any CPU = Debug|Any CPU
		Release|Any CPU = Release|Any CPU
	EndGlobalSection
	GlobalSection(ProjectConfigurationPlatforms) = postSolution
		{D3DAD3A1-577D-43D7-A8DC-094451E403C1}.Debug|Any CPU.ActiveCfg = Debug|Any CPU
		{D3DAD3A1-577D-43D7-A8DC-094451E403C1}.Debug|Any CPU.Build.0 = Debug|Any CPU
		{D3DAD3A1-577D-43D7-A8DC-094451E403C1}.Release|Any CPU.ActiveCfg = Release|Any CPU
		{D3DAD3A1-577D-43D7-A8DC-094451E403C1}.Release|Any CPU.Build.0 = Release|Any CPU
	EndGlobalSection
	GlobalSection(SolutionProperties) = preSolution
		HideSolutionNode = FALSE
	EndGlobalSection
	GlobalSection(ExtensibilityGlobals) = postSolution
		SolutionGuid = {FB6BA995-ACA0-458E-B788-0BFDDDB9805B}
	EndGlobalSection
EndGlobal
